# This file was autogenerated by Stack.
# You should not edit this file by hand.
# For more information, please see the documentation at:
#   https://docs.haskellstack.org/en/stable/lock_files

packages:
- completed:
    hackage: gi-vips-8.0.1@sha256:aa8593d8b37f92bd8993950bca7bd9b4a93d4fa6743c93bc1f40a0fe72d07f6d,5072
    pantry-tree:
      size: 356
      sha256: dbb07d94f09fd4ac88081cf3b3b4a6bcc8b6e502de1c55f5919ca1a4fa1ff659
  original:
    hackage: gi-vips-8.0.1@sha256:aa8593d8b37f92bd8993950bca7bd9b4a93d4fa6743c93bc1f40a0fe72d07f6d,5072
- completed:
    hackage: gi-gobject-2.0.26@sha256:78d8aa6092fd333da92899c695c7d925bd3cf444fa2ebab7be0c3b9d67c37fbe,9344
    pantry-tree:
      size: 364
      sha256: ae04b68af317f11ccb6078b85ce262c0b9a5d21405ff6ae4e86ecaa34fa65683
  original:
    hackage: gi-gobject-2.0.26
- completed:
    hackage: gi-glib-2.0.25@sha256:a4060e957f4c9d749f77c35022f266cb14b4ce0781cd5511bd6bb0e539f42f7b,9751
    pantry-tree:
      size: 359
      sha256: 9f0cad22e7f3bcf3f2501ab16b9a4950e7a6fdcd8abebd126c1f697bff19efd7
  original:
    hackage: gi-glib-2.0.25
- completed:
    size: 1189719
    subdir: .
    url: https://github.com/haskell-gi/haskell-gi/archive/fad0097a80b942137b7c423f6d9698fff4abeb28.tar.gz
    name: haskell-gi
    version: 0.25.0
    sha256: afa987932131ac8b7ab8c73517a56aa93c78cce7ceaa38877fcf1e1687d5e78c
    pantry-tree:
      size: 33296
      sha256: 7490124aa7cd861e9a206f615e72c1d7225b59db134f500f1926bff06b6d2595
  original:
    subdir: .
    url: https://github.com/haskell-gi/haskell-gi/archive/fad0097a80b942137b7c423f6d9698fff4abeb28.tar.gz
- completed:
    size: 1189719
    subdir: base
    url: https://github.com/haskell-gi/haskell-gi/archive/fad0097a80b942137b7c423f6d9698fff4abeb28.tar.gz
    name: haskell-gi-base
    version: 0.25.0
    sha256: afa987932131ac8b7ab8c73517a56aa93c78cce7ceaa38877fcf1e1687d5e78c
    pantry-tree:
      size: 2138
      sha256: 1640e2cb43b3229daee43faf4d6cd67568705ded12570dc95073a98d6fa54520
  original:
    subdir: base
    url: https://github.com/haskell-gi/haskell-gi/archive/fad0097a80b942137b7c423f6d9698fff4abeb28.tar.gz
- completed:
    hackage: haskell-gi-overloading-0.0@sha256:e1ba6583d908525af55f45ede17224a0fe5e7c8980bb5962ac39ee8b429e5bae,631
    pantry-tree:
      size: 264
      sha256: b76f20f1b0acbce7bce3e36d0d5feb28cc63dd90ced15c1e6176d8c583535543
  original:
    hackage: haskell-gi-overloading-0.0@sha256:e1ba6583d908525af55f45ede17224a0fe5e7c8980bb5962ac39ee8b429e5bae,631
snapshots:
- completed:
    size: 567037
    url: https://raw.githubusercontent.com/commercialhaskell/stackage-snapshots/master/lts/17/9.yaml
    sha256: d7d8d5106e53d1669964bd8bd2b0f88a5ad192d772f5376384b76738fd992311
  original:
    url: https://raw.githubusercontent.com/commercialhaskell/stackage-snapshots/master/lts/17/9.yaml
